
Microsoft Visual Studio Solution File, Format Version 12.00
# Visual Studio Version 17
VisualStudioVersion = 17.7.34031.279
MinimumVisualStudioVersion = 10.0.40219.1
Project("{FAE04EC0-301F-11D3-BF4B-00C04F79EFBC}") = "evans", "evans\evans.csproj", "{58656C17-8C40-409E-AAED-C5730395112B}"
EndProject
Global
	GlobalSection(SolutionConfigurationPlatforms) = preSolution
		Debug|Any CPU = Debug|Any CPU
		Release|Any CPU = Release|Any CPU
	EndGlobalSection
	GlobalSection(ProjectConfigurationPlatforms) = postSolution
		{58656C17-8C40-409E-AAED-C5730395112B}.Debug|Any CPU.ActiveCfg = Debug|Any CPU
		{58656C17-8C40-409E-AAED-C5730395112B}.Debug|Any CPU.Build.0 = Debug|Any CPU
		{58656C17-8C40-409E-AAED-C5730395112B}.Release|Any CPU.ActiveCfg = Release|Any CPU
		{58656C17-8C40-409E-AAED-C5730395112B}.Release|Any CPU.Build.0 = Release|Any CPU
	EndGlobalSection
	GlobalSection(SolutionProperties) = preSolution
		HideSolutionNode = FALSE
	EndGlobalSection
	GlobalSection(ExtensibilityGlobals) = postSolution
		SolutionGuid = {0A6AF511-3440-453E-BEE2-25BA17B8F656}
	EndGlobalSection
EndGlobal
